// !$*UTF8*$!
{
	archiveVersion = 1;
	classes = {
	};
	objectVersion = 56;
	objects = {

/* Begin PBXBuildFile section */
		1CC1E6C22A681BCE007A2363 /* NotflixApp.swift in Sources */ = {isa = PBXBuildFile; fileRef = 1CC1E6C12A681BCE007A2363 /* NotflixApp.swift */; };
		1CC1E6C42A681BCE007A2363 /* ContentView.swift in Sources */ = {isa = PBXBuildFile; fileRef = 1CC1E6C32A681BCE007A2363 /* ContentView.swift */; };
		1CC1E6C62A681BCE007A2363 /* Assets.xcassets in Resources */ = {isa = PBXBuildFile; fileRef = 1CC1E6C52A681BCE007A2363 /* Assets.xcassets */; };
		1CC1E6C92A681BCE007A2363 /* Preview Assets.xcassets in Resources */ = {isa = PBXBuildFile; fileRef = 1CC1E6C82A681BCE007A2363 /* Preview Assets.xcassets */; };
		1CC1E6D32A681BCE007A2363 /* NotflixTests.swift in Sources */ = {isa = PBXBuildFile; fileRef = 1CC1E6D22A681BCE007A2363 /* NotflixTests.swift */; };
		1CC1E6DD2A681BCE007A2363 /* NotflixUITests.swift in Sources */ = {isa = PBXBuildFile; fileRef = 1CC1E6DC2A681BCE007A2363 /* NotflixUITests.swift */; };
		1CC1E6DF2A681BCE007A2363 /* NotflixUITestsLaunchTests.swift in Sources */ = {isa = PBXBuildFile; fileRef = 1CC1E6DE2A681BCE007A2363 /* NotflixUITestsLaunchTests.swift */; };
/* End PBXBuildFile section */

/* Begin PBXContainerItemProxy section */
		1CC1E6CF2A681BCE007A2363 /* PBXContainerItemProxy */ = {
			isa = PBXContainerItemProxy;
			containerPortal = 1CC1E6B62A681BCE007A2363 /* Project object */;
			proxyType = 1;
			remoteGlobalIDString = 1CC1E6BD2A681BCE007A2363;
			remoteInfo = Notflix;
		};
		1CC1E6D92A681BCE007A2363 /* PBXContainerItemProxy */ = {
			isa = PBXContainerItemProxy;
			containerPortal = 1CC1E6B62A681BCE007A2363 /* Project object */;
			proxyType = 1;
			remoteGlobalIDString = 1CC1E6BD2A681BCE007A2363;
			remoteInfo = Notflix;
		};
/* End PBXContainerItemProxy section */

/* Begin PBXFileReference section */
		1CC1E6BE2A681BCE007A2363 /* Notflix.app */ = {isa = PBXFileReference; explicitFileType = wrapper.application; includeInIndex = 0; path = Notflix.app; sourceTree = BUILT_PRODUCTS_DIR; };
		1CC1E6C12A681BCE007A2363 /* NotflixApp.swift */ = {isa = PBXFileReference; lastKnownFileType = sourcecode.swift; path = NotflixApp.swift; sourceTree = "<group>"; };
		1CC1E6C32A681BCE007A2363 /* ContentView.swift */ = {isa = PBXFileReference; lastKnownFileType = sourcecode.swift; path = ContentView.swift; sourceTree = "<group>"; };
		1CC1E6C52A681BCE007A2363 /* Assets.xcassets */ = {isa = PBXFileReference; lastKnownFileType = folder.assetcatalog; path = Assets.xcassets; sourceTree = "<group>"; };
		1CC1E6C82A681BCE007A2363 /* Preview Assets.xcassets */ = {isa = PBXFileReference; lastKnownFileType = folder.assetcatalog; path = "Preview Assets.xcassets"; sourceTree = "<group>"; };
		1CC1E6CE2A681BCE007A2363 /* NotflixTests.xctest */ = {isa = PBXFileReference; explicitFileType = wrapper.cfbundle; includeInIndex = 0; path = NotflixTests.xctest; sourceTree = BUILT_PRODUCTS_DIR; };
		1CC1E6D22A681BCE007A2363 /* NotflixTests.swift */ = {isa = PBXFileReference; lastKnownFileType = sourcecode.swift; path = NotflixTests.swift; sourceTree = "<group>"; };
		1CC1E6D82A681BCE007A2363 /* NotflixUITests.xctest */ = {isa = PBXFileReference; explicitFileType = wrapper.cfbundle; includeInIndex = 0; path = NotflixUITests.xctest; sourceTree = BUILT_PRODUCTS_DIR; };
		1CC1E6DC2A681BCE007A2363 /* NotflixUITests.swift */ = {isa = PBXFileReference; lastKnownFileType = sourcecode.swift; path = NotflixUITests.swift; sourceTree = "<group>"; };
		1CC1E6DE2A681BCE007A2363 /* NotflixUITestsLaunchTests.swift */ = {isa = PBXFileReference; lastKnownFileType = sourcecode.swift; path = NotflixUITestsLaunchTests.swift; sourceTree = "<group>"; };
/* End PBXFileReference section */

/* Begin PBXFrameworksBuildPhase section */
		1CC1E6BB2A681BCE007A2363 /* Frameworks */ = {
			isa = PBXFrameworksBuildPhase;
			buildActionMask = 2147483647;
			files = (
			);
			runOnlyForDeploymentPostprocessing = 0;
		};
		1CC1E6CB2A681BCE007A2363 /* Frameworks */ = {
			isa = PBXFrameworksBuildPhase;
			buildActionMask = 2147483647;
			files = (
			);
			runOnlyForDeploymentPostprocessing = 0;
		};
		1CC1E6D52A681BCE007A2363 /* Frameworks */ = {
			isa = PBXFrameworksBuildPhase;
			buildActionMask = 2147483647;
			files = (
			);
			runOnlyForDeploymentPostprocessing = 0;
		};
/* End PBXFrameworksBuildPhase section */

/* Begin PBXGroup section */
		1CC1E6B52A681BCE007A2363 = {
			isa = PBXGroup;
			children = (
				1CC1E6C02A681BCE007A2363 /* Notflix */,
				1CC1E6D12A681BCE007A2363 /* NotflixTests */,
				1CC1E6DB2A681BCE007A2363 /* NotflixUITests */,
				1CC1E6BF2A681BCE007A2363 /* Products */,
			);
			sourceTree = "<group>";
		};
		1CC1E6BF2A681BCE007A2363 /* Products */ = {
			isa = PBXGroup;
			children = (
				1CC1E6BE2A681BCE007A2363 /* Notflix.app */,
				1CC1E6CE2A681BCE007A2363 /* NotflixTests.xctest */,
				1CC1E6D82A681BCE007A2363 /* NotflixUITests.xctest */,
			);
			name = Products;
			sourceTree = "<group>";
		};
		1CC1E6C02A681BCE007A2363 /* Notflix */ = {
			isa = PBXGroup;
			children = (
				1CC1E6C12A681BCE007A2363 /* NotflixApp.swift */,
				1CC1E6C32A681BCE007A2363 /* ContentView.swift */,
				1CC1E6C52A681BCE007A2363 /* Assets.xcassets */,
				1CC1E6C72A681BCE007A2363 /* Preview Content */,
			);
			path = Notflix;
			sourceTree = "<group>";
		};
		1CC1E6C72A681BCE007A2363 /* Preview Content */ = {
			isa = PBXGroup;
			children = (
				1CC1E6C82A681BCE007A2363 /* Preview Assets.xcassets */,
			);
			path = "Preview Content";
			sourceTree = "<group>";
		};
		1CC1E6D12A681BCE007A2363 /* NotflixTests */ = {
			isa = PBXGroup;
			children = (
				1CC1E6D22A681BCE007A2363 /* NotflixTests.swift */,
			);
			path = NotflixTests;
			sourceTree = "<group>";
		};
		1CC1E6DB2A681BCE007A2363 /* NotflixUITests */ = {
			isa = PBXGroup;
			children = (
				1CC1E6DC2A681BCE007A2363 /* NotflixUITests.swift */,
				1CC1E6DE2A681BCE007A2363 /* NotflixUITestsLaunchTests.swift */,
			);
			path = NotflixUITests;
			sourceTree = "<group>";
		};
/* End PBXGroup section */

/* Begin PBXNativeTarget section */
		1CC1E6BD2A681BCE007A2363 /* Notflix */ = {
			isa = PBXNativeTarget;
			buildConfigurationList = 1CC1E6E22A681BCE007A2363 /* Build configuration list for PBXNativeTarget "Notflix" */;
			buildPhases = (
				1CC1E6BA2A681BCE007A2363 /* Sources */,
				1CC1E6BB2A681BCE007A2363 /* Frameworks */,
				1CC1E6BC2A681BCE007A2363 /* Resources */,
			);
			buildRules = (
			);
			dependencies = (
			);
			name = Notflix;
			productName = Notflix;
			productReference = 1CC1E6BE2A681BCE007A2363 /* Notflix.app */;
			productType = "com.apple.product-type.application";
		};
		1CC1E6CD2A681BCE007A2363 /* NotflixTests */ = {
			isa = PBXNativeTarget;
			buildConfigurationList = 1CC1E6E52A681BCE007A2363 /* Build configuration list for PBXNativeTarget "NotflixTests" */;
			buildPhases = (
				1CC1E6CA2A681BCE007A2363 /* Sources */,
				1CC1E6CB2A681BCE007A2363 /* Frameworks */,
				1CC1E6CC2A681BCE007A2363 /* Resources */,
			);
			buildRules = (
			);
			dependencies = (
				1CC1E6D02A681BCE007A2363 /* PBXTargetDependency */,
			);
			name = NotflixTests;
			productName = NotflixTests;
			productReference = 1CC1E6CE2A681BCE007A2363 /* NotflixTests.xctest */;
			productType = "com.apple.product-type.bundle.unit-test";
		};
		1CC1E6D72A681BCE007A2363 /* NotflixUITests */ = {
			isa = PBXNativeTarget;
			buildConfigurationList = 1CC1E6E82A681BCE007A2363 /* Build configuration list for PBXNativeTarget "NotflixUITests" */;
			buildPhases = (
				1CC1E6D42A681BCE007A2363 /* Sources */,
				1CC1E6D52A681BCE007A2363 /* Frameworks */,
				1CC1E6D62A681BCE007A2363 /* Resources */,
			);
			buildRules = (
			);
			dependencies = (
				1CC1E6DA2A681BCE007A2363 /* PBXTargetDependency */,
			);
			name = NotflixUITests;
			productName = NotflixUITests;
			productReference = 1CC1E6D82A681BCE007A2363 /* NotflixUITests.xctest */;
			productType = "com.apple.product-type.bundle.ui-testing";
		};
/* End PBXNativeTarget section */

/* Begin PBXProject section */
		1CC1E6B62A681BCE007A2363 /* Project object */ = {
			isa = PBXProject;
			attributes = {
				BuildIndependentTargetsInParallel = 1;
				LastSwiftUpdateCheck = 1430;
				LastUpgradeCheck = 1430;
				TargetAttributes = {
					1CC1E6BD2A681BCE007A2363 = {
						CreatedOnToolsVersion = 14.3.1;
					};
					1CC1E6CD2A681BCE007A2363 = {
						CreatedOnToolsVersion = 14.3.1;
						TestTargetID = 1CC1E6BD2A681BCE007A2363;
					};
					1CC1E6D72A681BCE007A2363 = {
						CreatedOnToolsVersion = 14.3.1;
						TestTargetID = 1CC1E6BD2A681BCE007A2363;
					};
				};
			};
			buildConfigurationList = 1CC1E6B92A681BCE007A2363 /* Build configuration list for PBXProject "Notflix" */;
			compatibilityVersion = "Xcode 14.0";
			developmentRegion = en;
			hasScannedForEncodings = 0;
			knownRegions = (
				en,
				Base,
			);
			mainGroup = 1CC1E6B52A681BCE007A2363;
			productRefGroup = 1CC1E6BF2A681BCE007A2363 /* Products */;
			projectDirPath = "";
			projectRoot = "";
			targets = (
				1CC1E6BD2A681BCE007A2363 /* Notflix */,
				1CC1E6CD2A681BCE007A2363 /* NotflixTests */,
				1CC1E6D72A681BCE007A2363 /* NotflixUITests */,
			);
		};
/* End PBXProject section */

/* Begin PBXResourcesBuildPhase section */
		1CC1E6BC2A681BCE007A2363 /* Resources */ = {
			isa = PBXResourcesBuildPhase;
			buildActionMask = 2147483647;
			files = (
				1CC1E6C92A681BCE007A2363 /* Preview Assets.xcassets in Resources */,
				1CC1E6C62A681BCE007A2363 /* Assets.xcassets in Resources */,
			);
			runOnlyForDeploymentPostprocessing = 0;
		};
		1CC1E6CC2A681BCE007A2363 /* Resources */ = {
			isa = PBXResourcesBuildPhase;
			buildActionMask = 2147483647;
			files = (
			);
			runOnlyForDeploymentPostprocessing = 0;
		};
		1CC1E6D62A681BCE007A2363 /* Resources */ = {
			isa = PBXResourcesBuildPhase;
			buildActionMask = 2147483647;
			files = (
			);
			runOnlyForDeploymentPostprocessing = 0;
		};
/* End PBXResourcesBuildPhase section */

/* Begin PBXSourcesBuildPhase section */
		1CC1E6BA2A681BCE007A2363 /* Sources */ = {
			isa = PBXSourcesBuildPhase;
			buildActionMask = 2147483647;
			files = (
				1CC1E6C42A681BCE007A2363 /* ContentView.swift in Sources */,
				1CC1E6C22A681BCE007A2363 /* NotflixApp.swift in Sources */,
			);
			runOnlyForDeploymentPostprocessing = 0;
		};
		1CC1E6CA2A681BCE007A2363 /* Sources */ = {
			isa = PBXSourcesBuildPhase;
			buildActionMask = 2147483647;
			files = (
				1CC1E6D32A681BCE007A2363 /* NotflixTests.swift in Sources */,
			);
			runOnlyForDeploymentPostprocessing = 0;
		};
		1CC1E6D42A681BCE007A2363 /* Sources */ = {
			isa = PBXSourcesBuildPhase;
			buildActionMask = 2147483647;
			files = (
				1CC1E6DD2A681BCE007A2363 /* NotflixUITests.swift in Sources */,
				1CC1E6DF2A681BCE007A2363 /* NotflixUITestsLaunchTests.swift in Sources */,
			);
			runOnlyForDeploymentPostprocessing = 0;
		};
/* End PBXSourcesBuildPhase section */

/* Begin PBXTargetDependency section */
		1CC1E6D02A681BCE007A2363 /* PBXTargetDependency */ = {
			isa = PBXTargetDependency;
			target = 1CC1E6BD2A681BCE007A2363 /* Notflix */;
			targetProxy = 1CC1E6CF2A681BCE007A2363 /* PBXContainerItemProxy */;
		};
		1CC1E6DA2A681BCE007A2363 /* PBXTargetDependency */ = {
			isa = PBXTargetDependency;
			target = 1CC1E6BD2A681BCE007A2363 /* Notflix */;
			targetProxy = 1CC1E6D92A681BCE007A2363 /* PBXContainerItemProxy */;
		};
/* End PBXTargetDependency section */

/* Begin XCBuildConfiguration section */
		1CC1E6E02A681BCE007A2363 /* Debug */ = {
			isa = XCBuildConfiguration;
			buildSettings = {
				ALWAYS_SEARCH_USER_PATHS = NO;
				CLANG_ANALYZER_NONNULL = YES;
				CLANG_ANALYZER_NUMBER_OBJECT_CONVERSION = YES_AGGRESSIVE;
				CLANG_CXX_LANGUAGE_STANDARD = "gnu++20";
				CLANG_ENABLE_MODULES = YES;
				CLANG_ENABLE_OBJC_ARC = YES;
				CLANG_ENABLE_OBJC_WEAK = YES;
				CLANG_WARN_BLOCK_CAPTURE_AUTORELEASING = YES;
				CLANG_WARN_BOOL_CONVERSION = YES;
				CLANG_WARN_COMMA = YES;
				CLANG_WARN_CONSTANT_CONVERSION = YES;
				CLANG_WARN_DEPRECATED_OBJC_IMPLEMENTATIONS = YES;
				CLANG_WARN_DIRECT_OBJC_ISA_USAGE = YES_ERROR;
				CLANG_WARN_DOCUMENTATION_COMMENTS = YES;
				CLANG_WARN_EMPTY_BODY = YES;
				CLANG_WARN_ENUM_CONVERSION = YES;
				CLANG_WARN_INFINITE_RECURSION = YES;
				CLANG_WARN_INT_CONVERSION = YES;
				CLANG_WARN_NON_LITERAL_NULL_CONVERSION = YES;
				CLANG_WARN_OBJC_IMPLICIT_RETAIN_SELF = YES;
				CLANG_WARN_OBJC_LITERAL_CONVERSION = YES;
				CLANG_WARN_OBJC_ROOT_CLASS = YES_ERROR;
				CLANG_WARN_QUOTED_INCLUDE_IN_FRAMEWORK_HEADER = YES;
				CLANG_WARN_RANGE_LOOP_ANALYSIS = YES;
				CLANG_WARN_STRICT_PROTOTYPES = YES;
				CLANG_WARN_SUSPICIOUS_MOVE = YES;
				CLANG_WARN_UNGUARDED_AVAILABILITY = YES_AGGRESSIVE;
				CLANG_WARN_UNREACHABLE_CODE = YES;
				CLANG_WARN__DUPLICATE_METHOD_MATCH = YES;
				COPY_PHASE_STRIP = NO;
				DEBUG_INFORMATION_FORMAT = dwarf;
				ENABLE_STRICT_OBJC_MSGSEND = YES;
				ENABLE_TESTABILITY = YES;
				GCC_C_LANGUAGE_STANDARD = gnu11;
				GCC_DYNAMIC_NO_PIC = NO;
				GCC_NO_COMMON_BLOCKS = YES;
				GCC_OPTIMIZATION_LEVEL = 0;
				GCC_PREPROCESSOR_DEFINITIONS = (
					"DEBUG=1",
					"$(inherited)",
				);
				GCC_WARN_64_TO_32_BIT_CONVERSION = YES;
				GCC_WARN_ABOUT_RETURN_TYPE = YES_ERROR;
				GCC_WARN_UNDECLARED_SELECTOR = YES;
				GCC_WARN_UNINITIALIZED_AUTOS = YES_AGGRESSIVE;
				GCC_WARN_UNUSED_FUNCTION = YES;
				GCC_WARN_UNUSED_VARIABLE = YES;
				IPHONEOS_DEPLOYMENT_TARGET = 16.4;
				MTL_ENABLE_DEBUG_INFO = INCLUDE_SOURCE;
				MTL_FAST_MATH = YES;
				ONLY_ACTIVE_ARCH = YES;
				SDKROOT = iphoneos;
				SWIFT_ACTIVE_COMPILATION_CONDITIONS = DEBUG;
				SWIFT_OPTIMIZATION_LEVEL = "-Onone";
			};
			name = Debug;
		};
		1CC1E6E12A681BCE007A2363 /* Release */ = {
			isa = XCBuildConfiguration;
			buildSettings = {
				ALWAYS_SEARCH_USER_PATHS = NO;
				CLANG_ANALYZER_NONNULL = YES;
				CLANG_ANALYZER_NUMBER_OBJECT_CONVERSION = YES_AGGRESSIVE;
				CLANG_CXX_LANGUAGE_STANDARD = "gnu++20";
				CLANG_ENABLE_MODULES = YES;
				CLANG_ENABLE_OBJC_ARC = YES;
				CLANG_ENABLE_OBJC_WEAK = YES;
				CLANG_WARN_BLOCK_CAPTURE_AUTORELEASING = YES;
				CLANG_WARN_BOOL_CONVERSION = YES;
				CLANG_WARN_COMMA = YES;
				CLANG_WARN_CONSTANT_CONVERSION = YES;
				CLANG_WARN_DEPRECATED_OBJC_IMPLEMENTATIONS = YES;
				CLANG_WARN_DIRECT_OBJC_ISA_USAGE = YES_ERROR;
				CLANG_WARN_DOCUMENTATION_COMMENTS = YES;
				CLANG_WARN_EMPTY_BODY = YES;
				CLANG_WARN_ENUM_CONVERSION = YES;
				CLANG_WARN_INFINITE_RECURSION = YES;
				CLANG_WARN_INT_CONVERSION = YES;
				CLANG_WARN_NON_LITERAL_NULL_CONVERSION = YES;
				CLANG_WARN_OBJC_IMPLICIT_RETAIN_SELF = YES;
				CLANG_WARN_OBJC_LITERAL_CONVERSION = YES;
				CLANG_WARN_OBJC_ROOT_CLASS = YES_ERROR;
				CLANG_WARN_QUOTED_INCLUDE_IN_FRAMEWORK_HEADER = YES;
				CLANG_WARN_RANGE_LOOP_ANALYSIS = YES;
				CLANG_WARN_STRICT_PROTOTYPES = YES;
				CLANG_WARN_SUSPICIOUS_MOVE = YES;
				CLANG_WARN_UNGUARDED_AVAILABILITY = YES_AGGRESSIVE;
				CLANG_WARN_UNREACHABLE_CODE = YES;
				CLANG_WARN__DUPLICATE_METHOD_MATCH = YES;
				COPY_PHASE_STRIP = NO;
				DEBUG_INFORMATION_FORMAT = "dwarf-with-dsym";
				ENABLE_NS_ASSERTIONS = NO;
				ENABLE_STRICT_OBJC_MSGSEND = YES;
				GCC_C_LANGUAGE_STANDARD = gnu11;
				GCC_NO_COMMON_BLOCKS = YES;
				GCC_WARN_64_TO_32_BIT_CONVERSION = YES;
				GCC_WARN_ABOUT_RETURN_TYPE = YES_ERROR;
				GCC_WARN_UNDECLARED_SELECTOR = YES;
				GCC_WARN_UNINITIALIZED_AUTOS = YES_AGGRESSIVE;
				GCC_WARN_UNUSED_FUNCTION = YES;
				GCC_WARN_UNUSED_VARIABLE = YES;
				IPHONEOS_DEPLOYMENT_TARGET = 16.4;
				MTL_ENABLE_DEBUG_INFO = NO;
				MTL_FAST_MATH = YES;
				SDKROOT = iphoneos;
				SWIFT_COMPILATION_MODE = wholemodule;
				SWIFT_OPTIMIZATION_LEVEL = "-O";
				VALIDATE_PRODUCT = YES;
			};
			name = Release;
		};
		1CC1E6E32A681BCE007A2363 /* Debug */ = {
			isa = XCBuildConfiguration;
			buildSettings = {
				ASSETCATALOG_COMPILER_APPICON_NAME = AppIcon;
				ASSETCATALOG_COMPILER_GLOBAL_ACCENT_COLOR_NAME = AccentColor;
				CODE_SIGN_STYLE = Automatic;
				CURRENT_PROJECT_VERSION = 1;
				DEVELOPMENT_ASSET_PATHS = "\"Notflix/Preview Content\"";
				ENABLE_PREVIEWS = YES;
				GENERATE_INFOPLIST_FILE = YES;
				INFOPLIST_KEY_UIApplicationSceneManifest_Generation = YES;
				INFOPLIST_KEY_UIApplicationSupportsIndirectInputEvents = YES;
				INFOPLIST_KEY_UILaunchScreen_Generation = YES;
				INFOPLIST_KEY_UISupportedInterfaceOrientations_iPad = "UIInterfaceOrientationPortrait UIInterfaceOrientationPortraitUpsideDown UIInterfaceOrientationLandscapeLeft UIInterfaceOrientationLandscapeRight";
				INFOPLIST_KEY_UISupportedInterfaceOrientations_iPhone = "UIInterfaceOrientationPortrait UIInterfaceOrientationLandscapeLeft UIInterfaceOrientationLandscapeRight";
				LD_RUNPATH_SEARCH_PATHS = (
					"$(inherited)",
					"@executable_path/Frameworks",
				);
				MARKETING_VERSION = 1.0;
				PRODUCT_BUNDLE_IDENTIFIER = VicKbt.Notflix;
				PRODUCT_NAME = "$(TARGET_NAME)";
				SWIFT_EMIT_LOC_STRINGS = YES;
				SWIFT_VERSION = 5.0;
				TARGETED_DEVICE_FAMILY = "1,2";
			};
			name = Debug;
		};
		1CC1E6E42A681BCE007A2363 /* Release */ = {
			isa = XCBuildConfiguration;
			buildSettings = {
				ASSETCATALOG_COMPILER_APPICON_NAME = AppIcon;
				ASSETCATALOG_COMPILER_GLOBAL_ACCENT_COLOR_NAME = AccentColor;
				CODE_SIGN_STYLE = Automatic;
				CURRENT_PROJECT_VERSION = 1;
				DEVELOPMENT_ASSET_PATHS = "\"Notflix/Preview Content\"";
				ENABLE_PREVIEWS = YES;
				GENERATE_INFOPLIST_FILE = YES;
				INFOPLIST_KEY_UIApplicationSceneManifest_Generation = YES;
				INFOPLIST_KEY_UIApplicationSupportsIndirectInputEvents = YES;
				INFOPLIST_KEY_UILaunchScreen_Generation = YES;
				INFOPLIST_KEY_UISupportedInterfaceOrientations_iPad = "UIInterfaceOrientationPortrait UIInterfaceOrientationPortraitUpsideDown UIInterfaceOrientationLandscapeLeft UIInterfaceOrientationLandscapeRight";
				INFOPLIST_KEY_UISupportedInterfaceOrientations_iPhone = "UIInterfaceOrientationPortrait UIInterfaceOrientationLandscapeLeft UIInterfaceOrientationLandscapeRight";
				LD_RUNPATH_SEARCH_PATHS = (
					"$(inherited)",
					"@executable_path/Frameworks",
				);
				MARKETING_VERSION = 1.0;
				PRODUCT_BUNDLE_IDENTIFIER = VicKbt.Notflix;
				PRODUCT_NAME = "$(TARGET_NAME)";
				SWIFT_EMIT_LOC_STRINGS = YES;
				SWIFT_VERSION = 5.0;
				TARGETED_DEVICE_FAMILY = "1,2";
			};
			name = Release;
		};
		1CC1E6E62A681BCE007A2363 /* Debug */ = {
			isa = XCBuildConfiguration;
			buildSettings = {
				ALWAYS_EMBED_SWIFT_STANDARD_LIBRARIES = YES;
				BUNDLE_LOADER = "$(TEST_HOST)";
				CODE_SIGN_STYLE = Automatic;
				CURRENT_PROJECT_VERSION = 1;
				GENERATE_INFOPLIST_FILE = YES;
				IPHONEOS_DEPLOYMENT_TARGET = 16.4;
				MARKETING_VERSION = 1.0;
				PRODUCT_BUNDLE_IDENTIFIER = VicKbt.NotflixTests;
				PRODUCT_NAME = "$(TARGET_NAME)";
				SWIFT_EMIT_LOC_STRINGS = NO;
				SWIFT_VERSION = 5.0;
				TARGETED_DEVICE_FAMILY = "1,2";
				TEST_HOST = "$(BUILT_PRODUCTS_DIR)/Notflix.app/$(BUNDLE_EXECUTABLE_FOLDER_PATH)/Notflix";
			};
			name = Debug;
		};
		1CC1E6E72A681BCE007A2363 /* Release */ = {
			isa = XCBuildConfiguration;
			buildSettings = {
				ALWAYS_EMBED_SWIFT_STANDARD_LIBRARIES = YES;
				BUNDLE_LOADER = "$(TEST_HOST)";
				CODE_SIGN_STYLE = Automatic;
				CURRENT_PROJECT_VERSION = 1;
				GENERATE_INFOPLIST_FILE = YES;
				IPHONEOS_DEPLOYMENT_TARGET = 16.4;
				MARKETING_VERSION = 1.0;
				PRODUCT_BUNDLE_IDENTIFIER = VicKbt.NotflixTests;
				PRODUCT_NAME = "$(TARGET_NAME)";
				SWIFT_EMIT_LOC_STRINGS = NO;
				SWIFT_VERSION = 5.0;
				TARGETED_DEVICE_FAMILY = "1,2";
				TEST_HOST = "$(BUILT_PRODUCTS_DIR)/Notflix.app/$(BUNDLE_EXECUTABLE_FOLDER_PATH)/Notflix";
			};
			name = Release;
		};
		1CC1E6E92A681BCE007A2363 /* Debug */ = {
			isa = XCBuildConfiguration;
			buildSettings = {
				ALWAYS_EMBED_SWIFT_STANDARD_LIBRARIES = YES;
				CODE_SIGN_STYLE = Automatic;
				CURRENT_PROJECT_VERSION = 1;
				GENERATE_INFOPLIST_FILE = YES;
				MARKETING_VERSION = 1.0;
				PRODUCT_BUNDLE_IDENTIFIER = VicKbt.NotflixUITests;
				PRODUCT_NAME = "$(TARGET_NAME)";
				SWIFT_EMIT_LOC_STRINGS = NO;
				SWIFT_VERSION = 5.0;
				TARGETED_DEVICE_FAMILY = "1,2";
				TEST_TARGET_NAME = Notflix;
			};
			name = Debug;
		};
		1CC1E6EA2A681BCE007A2363 /* Release */ = {
			isa = XCBuildConfiguration;
			buildSettings = {
				ALWAYS_EMBED_SWIFT_STANDARD_LIBRARIES = YES;
				CODE_SIGN_STYLE = Automatic;
				CURRENT_PROJECT_VERSION = 1;
				GENERATE_INFOPLIST_FILE = YES;
				MARKETING_VERSION = 1.0;
				PRODUCT_BUNDLE_IDENTIFIER = VicKbt.NotflixUITests;
				PRODUCT_NAME = "$(TARGET_NAME)";
				SWIFT_EMIT_LOC_STRINGS = NO;
				SWIFT_VERSION = 5.0;
				TARGETED_DEVICE_FAMILY = "1,2";
				TEST_TARGET_NAME = Notflix;
			};
			name = Release;
		};
/* End XCBuildConfiguration section */

/* Begin XCConfigurationList section */
		1CC1E6B92A681BCE007A2363 /* Build configuration list for PBXProject "Notflix" */ = {
			isa = XCConfigurationList;
			buildConfigurations = (
				1CC1E6E02A681BCE007A2363 /* Debug */,
				1CC1E6E12A681BCE007A2363 /* Release */,
			);
			defaultConfigurationIsVisible = 0;
			defaultConfigurationName = Release;
		};
		1CC1E6E22A681BCE007A2363 /* Build configuration list for PBXNativeTarget "Notflix" */ = {
			isa = XCConfigurationList;
			buildConfigurations = (
				1CC1E6E32A681BCE007A2363 /* Debug */,
				1CC1E6E42A681BCE007A2363 /* Release */,
			);
			defaultConfigurationIsVisible = 0;
			defaultConfigurationName = Release;
		};
		1CC1E6E52A681BCE007A2363 /* Build configuration list for PBXNativeTarget "NotflixTests" */ = {
			isa = XCConfigurationList;
			buildConfigurations = (
				1CC1E6E62A681BCE007A2363 /* Debug */,
				1CC1E6E72A681BCE007A2363 /* Release */,
			);
			defaultConfigurationIsVisible = 0;
			defaultConfigurationName = Release;
		};
		1CC1E6E82A681BCE007A2363 /* Build configuration list for PBXNativeTarget "NotflixUITests" */ = {
			isa = XCConfigurationList;
			buildConfigurations = (
				1CC1E6E92A681BCE007A2363 /* Debug */,
				1CC1E6EA2A681BCE007A2363 /* Release */,
			);
			defaultConfigurationIsVisible = 0;
			defaultConfigurationName = Release;
		};
/* End XCConfigurationList section */
	};
	rootObject = 1CC1E6B62A681BCE007A2363 /* Project object */;
}
