// !$*UTF8*$!
{
	archiveVersion = 1;
	classes = {
	};
	objectVersion = 56;
	objects = {

/* Begin PBXBuildFile section */
		1C8319802A6F21CE00A8F64D /* ComposeView.swift in Sources */ = {isa = PBXBuildFile; fileRef = 1C83197F2A6F21CE00A8F64D /* ComposeView.swift */; };
		1C8319822A6F22D600A8F64D /* Koin.swift in Sources */ = {isa = PBXBuildFile; fileRef = 1C8319812A6F22D600A8F64D /* Koin.swift */; };
		1CE0FB0C2A6A8B4F00B26932 /* NotflixApp.swift in Sources */ = {isa = PBXBuildFile; fileRef = 1CE0FB0B2A6A8B4F00B26932 /* NotflixApp.swift */; };
		1CE0FB0E2A6A8B4F00B26932 /* ContentView.swift in Sources */ = {isa = PBXBuildFile; fileRef = 1CE0FB0D2A6A8B4F00B26932 /* ContentView.swift */; };
		1CE0FB102A6A8B5100B26932 /* Assets.xcassets in Resources */ = {isa = PBXBuildFile; fileRef = 1CE0FB0F2A6A8B5100B26932 /* Assets.xcassets */; };
		1CE0FB132A6A8B5100B26932 /* Preview Assets.xcassets in Resources */ = {isa = PBXBuildFile; fileRef = 1CE0FB122A6A8B5100B26932 /* Preview Assets.xcassets */; };
		1CE0FB1D2A6A8B5100B26932 /* NotflixTests.swift in Sources */ = {isa = PBXBuildFile; fileRef = 1CE0FB1C2A6A8B5100B26932 /* NotflixTests.swift */; };
		1CE0FB272A6A8B5100B26932 /* NotflixUITests.swift in Sources */ = {isa = PBXBuildFile; fileRef = 1CE0FB262A6A8B5100B26932 /* NotflixUITests.swift */; };
		1CE0FB292A6A8B5100B26932 /* NotflixUITestsLaunchTests.swift in Sources */ = {isa = PBXBuildFile; fileRef = 1CE0FB282A6A8B5100B26932 /* NotflixUITestsLaunchTests.swift */; };
/* End PBXBuildFile section */

/* Begin PBXContainerItemProxy section */
		1CE0FB192A6A8B5100B26932 /* PBXContainerItemProxy */ = {
			isa = PBXContainerItemProxy;
			containerPortal = 1CE0FB002A6A8B4F00B26932 /* Project object */;
			proxyType = 1;
			remoteGlobalIDString = 1CE0FB072A6A8B4F00B26932;
			remoteInfo = Notflix;
		};
		1CE0FB232A6A8B5100B26932 /* PBXContainerItemProxy */ = {
			isa = PBXContainerItemProxy;
			containerPortal = 1CE0FB002A6A8B4F00B26932 /* Project object */;
			proxyType = 1;
			remoteGlobalIDString = 1CE0FB072A6A8B4F00B26932;
			remoteInfo = Notflix;
		};
/* End PBXContainerItemProxy section */

/* Begin PBXFileReference section */
		1C83197F2A6F21CE00A8F64D /* ComposeView.swift */ = {isa = PBXFileReference; lastKnownFileType = sourcecode.swift; path = ComposeView.swift; sourceTree = "<group>"; };
		1C8319812A6F22D600A8F64D /* Koin.swift */ = {isa = PBXFileReference; lastKnownFileType = sourcecode.swift; path = Koin.swift; sourceTree = "<group>"; };
		1CE0FB082A6A8B4F00B26932 /* Notflix.app */ = {isa = PBXFileReference; explicitFileType = wrapper.application; includeInIndex = 0; path = Notflix.app; sourceTree = BUILT_PRODUCTS_DIR; };
		1CE0FB0B2A6A8B4F00B26932 /* NotflixApp.swift */ = {isa = PBXFileReference; lastKnownFileType = sourcecode.swift; path = NotflixApp.swift; sourceTree = "<group>"; };
		1CE0FB0D2A6A8B4F00B26932 /* ContentView.swift */ = {isa = PBXFileReference; lastKnownFileType = sourcecode.swift; path = ContentView.swift; sourceTree = "<group>"; };
		1CE0FB0F2A6A8B5100B26932 /* Assets.xcassets */ = {isa = PBXFileReference; lastKnownFileType = folder.assetcatalog; path = Assets.xcassets; sourceTree = "<group>"; };
		1CE0FB122A6A8B5100B26932 /* Preview Assets.xcassets */ = {isa = PBXFileReference; lastKnownFileType = folder.assetcatalog; path = "Preview Assets.xcassets"; sourceTree = "<group>"; };
		1CE0FB182A6A8B5100B26932 /* NotflixTests.xctest */ = {isa = PBXFileReference; explicitFileType = wrapper.cfbundle; includeInIndex = 0; path = NotflixTests.xctest; sourceTree = BUILT_PRODUCTS_DIR; };
		1CE0FB1C2A6A8B5100B26932 /* NotflixTests.swift */ = {isa = PBXFileReference; lastKnownFileType = sourcecode.swift; path = NotflixTests.swift; sourceTree = "<group>"; };
		1CE0FB222A6A8B5100B26932 /* NotflixUITests.xctest */ = {isa = PBXFileReference; explicitFileType = wrapper.cfbundle; includeInIndex = 0; path = NotflixUITests.xctest; sourceTree = BUILT_PRODUCTS_DIR; };
		1CE0FB262A6A8B5100B26932 /* NotflixUITests.swift */ = {isa = PBXFileReference; lastKnownFileType = sourcecode.swift; path = NotflixUITests.swift; sourceTree = "<group>"; };
		1CE0FB282A6A8B5100B26932 /* NotflixUITestsLaunchTests.swift */ = {isa = PBXFileReference; lastKnownFileType = sourcecode.swift; path = NotflixUITestsLaunchTests.swift; sourceTree = "<group>"; };
/* End PBXFileReference section */

/* Begin PBXFrameworksBuildPhase section */
		1CE0FB052A6A8B4F00B26932 /* Frameworks */ = {
			isa = PBXFrameworksBuildPhase;
			buildActionMask = 2147483647;
			files = (
			);
			runOnlyForDeploymentPostprocessing = 0;
		};
		1CE0FB152A6A8B5100B26932 /* Frameworks */ = {
			isa = PBXFrameworksBuildPhase;
			buildActionMask = 2147483647;
			files = (
			);
			runOnlyForDeploymentPostprocessing = 0;
		};
		1CE0FB1F2A6A8B5100B26932 /* Frameworks */ = {
			isa = PBXFrameworksBuildPhase;
			buildActionMask = 2147483647;
			files = (
			);
			runOnlyForDeploymentPostprocessing = 0;
		};
/* End PBXFrameworksBuildPhase section */

/* Begin PBXGroup section */
		1CE0FAFF2A6A8B4F00B26932 = {
			isa = PBXGroup;
			children = (
				1CE0FB0A2A6A8B4F00B26932 /* Notflix */,
				1CE0FB1B2A6A8B5100B26932 /* NotflixTests */,
				1CE0FB252A6A8B5100B26932 /* NotflixUITests */,
				1CE0FB092A6A8B4F00B26932 /* Products */,
				380B2E20DFD34D0F45BCF04A /* Pods */,
			);
			sourceTree = "<group>";
		};
		1CE0FB092A6A8B4F00B26932 /* Products */ = {
			isa = PBXGroup;
			children = (
				1CE0FB082A6A8B4F00B26932 /* Notflix.app */,
				1CE0FB182A6A8B5100B26932 /* NotflixTests.xctest */,
				1CE0FB222A6A8B5100B26932 /* NotflixUITests.xctest */,
			);
			name = Products;
			sourceTree = "<group>";
		};
		1CE0FB0A2A6A8B4F00B26932 /* Notflix */ = {
			isa = PBXGroup;
			children = (
				1CE0FB0B2A6A8B4F00B26932 /* NotflixApp.swift */,
				1CE0FB0D2A6A8B4F00B26932 /* ContentView.swift */,
				1CE0FB0F2A6A8B5100B26932 /* Assets.xcassets */,
				1CE0FB112A6A8B5100B26932 /* Preview Content */,
				1C83197F2A6F21CE00A8F64D /* ComposeView.swift */,
				1C8319812A6F22D600A8F64D /* Koin.swift */,
			);
			path = Notflix;
			sourceTree = "<group>";
		};
		1CE0FB112A6A8B5100B26932 /* Preview Content */ = {
			isa = PBXGroup;
			children = (
				1CE0FB122A6A8B5100B26932 /* Preview Assets.xcassets */,
			);
			path = "Preview Content";
			sourceTree = "<group>";
		};
		1CE0FB1B2A6A8B5100B26932 /* NotflixTests */ = {
			isa = PBXGroup;
			children = (
				1CE0FB1C2A6A8B5100B26932 /* NotflixTests.swift */,
			);
			path = NotflixTests;
			sourceTree = "<group>";
		};
		1CE0FB252A6A8B5100B26932 /* NotflixUITests */ = {
			isa = PBXGroup;
			children = (
				1CE0FB262A6A8B5100B26932 /* NotflixUITests.swift */,
				1CE0FB282A6A8B5100B26932 /* NotflixUITestsLaunchTests.swift */,
			);
			path = NotflixUITests;
			sourceTree = "<group>";
		};
		380B2E20DFD34D0F45BCF04A /* Pods */ = {
			isa = PBXGroup;
			children = (
			);
			path = Pods;
			sourceTree = "<group>";
		};
/* End PBXGroup section */

/* Begin PBXNativeTarget section */
		1CE0FB072A6A8B4F00B26932 /* Notflix */ = {
			isa = PBXNativeTarget;
			buildConfigurationList = 1CE0FB2C2A6A8B5100B26932 /* Build configuration list for PBXNativeTarget "Notflix" */;
			buildPhases = (
				1CD2A8F32C9B405100B07805 /* ShellScript */,
				1CE0FB042A6A8B4F00B26932 /* Sources */,
				1CE0FB052A6A8B4F00B26932 /* Frameworks */,
				1CE0FB062A6A8B4F00B26932 /* Resources */,
			);
			buildRules = (
			);
			dependencies = (
			);
			name = Notflix;
			productName = Notflix;
			productReference = 1CE0FB082A6A8B4F00B26932 /* Notflix.app */;
			productType = "com.apple.product-type.application";
		};
		1CE0FB172A6A8B5100B26932 /* NotflixTests */ = {
			isa = PBXNativeTarget;
			buildConfigurationList = 1CE0FB2F2A6A8B5100B26932 /* Build configuration list for PBXNativeTarget "NotflixTests" */;
			buildPhases = (
				1CE0FB142A6A8B5100B26932 /* Sources */,
				1CE0FB152A6A8B5100B26932 /* Frameworks */,
				1CE0FB162A6A8B5100B26932 /* Resources */,
			);
			buildRules = (
			);
			dependencies = (
				1CE0FB1A2A6A8B5100B26932 /* PBXTargetDependency */,
			);
			name = NotflixTests;
			productName = NotflixTests;
			productReference = 1CE0FB182A6A8B5100B26932 /* NotflixTests.xctest */;
			productType = "com.apple.product-type.bundle.unit-test";
		};
		1CE0FB212A6A8B5100B26932 /* NotflixUITests */ = {
			isa = PBXNativeTarget;
			buildConfigurationList = 1CE0FB322A6A8B5100B26932 /* Build configuration list for PBXNativeTarget "NotflixUITests" */;
			buildPhases = (
				1CE0FB1E2A6A8B5100B26932 /* Sources */,
				1CE0FB1F2A6A8B5100B26932 /* Frameworks */,
				1CE0FB202A6A8B5100B26932 /* Resources */,
			);
			buildRules = (
			);
			dependencies = (
				1CE0FB242A6A8B5100B26932 /* PBXTargetDependency */,
			);
			name = NotflixUITests;
			productName = NotflixUITests;
			productReference = 1CE0FB222A6A8B5100B26932 /* NotflixUITests.xctest */;
			productType = "com.apple.product-type.bundle.ui-testing";
		};
/* End PBXNativeTarget section */

/* Begin PBXProject section */
		1CE0FB002A6A8B4F00B26932 /* Project object */ = {
			isa = PBXProject;
			attributes = {
				BuildIndependentTargetsInParallel = 1;
				LastSwiftUpdateCheck = 1430;
				LastUpgradeCheck = 1430;
				TargetAttributes = {
					1CE0FB072A6A8B4F00B26932 = {
						CreatedOnToolsVersion = 14.3.1;
					};
					1CE0FB172A6A8B5100B26932 = {
						CreatedOnToolsVersion = 14.3.1;
						TestTargetID = 1CE0FB072A6A8B4F00B26932;
					};
					1CE0FB212A6A8B5100B26932 = {
						CreatedOnToolsVersion = 14.3.1;
						TestTargetID = 1CE0FB072A6A8B4F00B26932;
					};
				};
			};
			buildConfigurationList = 1CE0FB032A6A8B4F00B26932 /* Build configuration list for PBXProject "Notflix" */;
			compatibilityVersion = "Xcode 14.0";
			developmentRegion = en;
			hasScannedForEncodings = 0;
			knownRegions = (
				en,
				Base,
			);
			mainGroup = 1CE0FAFF2A6A8B4F00B26932;
			productRefGroup = 1CE0FB092A6A8B4F00B26932 /* Products */;
			projectDirPath = "";
			projectRoot = "";
			targets = (
				1CE0FB072A6A8B4F00B26932 /* Notflix */,
				1CE0FB172A6A8B5100B26932 /* NotflixTests */,
				1CE0FB212A6A8B5100B26932 /* NotflixUITests */,
			);
		};
/* End PBXProject section */

/* Begin PBXResourcesBuildPhase section */
		1CE0FB062A6A8B4F00B26932 /* Resources */ = {
			isa = PBXResourcesBuildPhase;
			buildActionMask = 2147483647;
			files = (
				1CE0FB132A6A8B5100B26932 /* Preview Assets.xcassets in Resources */,
				1CE0FB102A6A8B5100B26932 /* Assets.xcassets in Resources */,
			);
			runOnlyForDeploymentPostprocessing = 0;
		};
		1CE0FB162A6A8B5100B26932 /* Resources */ = {
			isa = PBXResourcesBuildPhase;
			buildActionMask = 2147483647;
			files = (
			);
			runOnlyForDeploymentPostprocessing = 0;
		};
		1CE0FB202A6A8B5100B26932 /* Resources */ = {
			isa = PBXResourcesBuildPhase;
			buildActionMask = 2147483647;
			files = (
			);
			runOnlyForDeploymentPostprocessing = 0;
		};
/* End PBXResourcesBuildPhase section */

/* Begin PBXShellScriptBuildPhase section */
		1CD2A8F32C9B405100B07805 /* ShellScript */ = {
			isa = PBXShellScriptBuildPhase;
			buildActionMask = 2147483647;
			files = (
			);
			inputFileListPaths = (
			);
			inputPaths = (
			);
			outputFileListPaths = (
			);
			outputPaths = (
			);
			runOnlyForDeploymentPostprocessing = 0;
			shellPath = /bin/sh;
			shellScript = "cd \"$SRCROOT/..\"\n./gradlew :composeApp:embedAndSignAppleFrameworkForXcode\n";
		};
/* End PBXShellScriptBuildPhase section */

/* Begin PBXSourcesBuildPhase section */
		1CE0FB042A6A8B4F00B26932 /* Sources */ = {
			isa = PBXSourcesBuildPhase;
			buildActionMask = 2147483647;
			files = (
				1C8319802A6F21CE00A8F64D /* ComposeView.swift in Sources */,
				1CE0FB0E2A6A8B4F00B26932 /* ContentView.swift in Sources */,
				1C8319822A6F22D600A8F64D /* Koin.swift in Sources */,
				1CE0FB0C2A6A8B4F00B26932 /* NotflixApp.swift in Sources */,
			);
			runOnlyForDeploymentPostprocessing = 0;
		};
		1CE0FB142A6A8B5100B26932 /* Sources */ = {
			isa = PBXSourcesBuildPhase;
			buildActionMask = 2147483647;
			files = (
				1CE0FB1D2A6A8B5100B26932 /* NotflixTests.swift in Sources */,
			);
			runOnlyForDeploymentPostprocessing = 0;
		};
		1CE0FB1E2A6A8B5100B26932 /* Sources */ = {
			isa = PBXSourcesBuildPhase;
			buildActionMask = 2147483647;
			files = (
				1CE0FB272A6A8B5100B26932 /* NotflixUITests.swift in Sources */,
				1CE0FB292A6A8B5100B26932 /* NotflixUITestsLaunchTests.swift in Sources */,
			);
			runOnlyForDeploymentPostprocessing = 0;
		};
/* End PBXSourcesBuildPhase section */

/* Begin PBXTargetDependency section */
		1CE0FB1A2A6A8B5100B26932 /* PBXTargetDependency */ = {
			isa = PBXTargetDependency;
			target = 1CE0FB072A6A8B4F00B26932 /* Notflix */;
			targetProxy = 1CE0FB192A6A8B5100B26932 /* PBXContainerItemProxy */;
		};
		1CE0FB242A6A8B5100B26932 /* PBXTargetDependency */ = {
			isa = PBXTargetDependency;
			target = 1CE0FB072A6A8B4F00B26932 /* Notflix */;
			targetProxy = 1CE0FB232A6A8B5100B26932 /* PBXContainerItemProxy */;
		};
/* End PBXTargetDependency section */

/* Begin XCBuildConfiguration section */
		1CE0FB2A2A6A8B5100B26932 /* Debug */ = {
			isa = XCBuildConfiguration;
			buildSettings = {
				ALWAYS_SEARCH_USER_PATHS = NO;
				CLANG_ANALYZER_NONNULL = YES;
				CLANG_ANALYZER_NUMBER_OBJECT_CONVERSION = YES_AGGRESSIVE;
				CLANG_CXX_LANGUAGE_STANDARD = "gnu++20";
				CLANG_ENABLE_MODULES = YES;
				CLANG_ENABLE_OBJC_ARC = YES;
				CLANG_ENABLE_OBJC_WEAK = YES;
				CLANG_WARN_BLOCK_CAPTURE_AUTORELEASING = YES;
				CLANG_WARN_BOOL_CONVERSION = YES;
				CLANG_WARN_COMMA = YES;
				CLANG_WARN_CONSTANT_CONVERSION = YES;
				CLANG_WARN_DEPRECATED_OBJC_IMPLEMENTATIONS = YES;
				CLANG_WARN_DIRECT_OBJC_ISA_USAGE = YES_ERROR;
				CLANG_WARN_DOCUMENTATION_COMMENTS = YES;
				CLANG_WARN_EMPTY_BODY = YES;
				CLANG_WARN_ENUM_CONVERSION = YES;
				CLANG_WARN_INFINITE_RECURSION = YES;
				CLANG_WARN_INT_CONVERSION = YES;
				CLANG_WARN_NON_LITERAL_NULL_CONVERSION = YES;
				CLANG_WARN_OBJC_IMPLICIT_RETAIN_SELF = YES;
				CLANG_WARN_OBJC_LITERAL_CONVERSION = YES;
				CLANG_WARN_OBJC_ROOT_CLASS = YES_ERROR;
				CLANG_WARN_QUOTED_INCLUDE_IN_FRAMEWORK_HEADER = YES;
				CLANG_WARN_RANGE_LOOP_ANALYSIS = YES;
				CLANG_WARN_STRICT_PROTOTYPES = YES;
				CLANG_WARN_SUSPICIOUS_MOVE = YES;
				CLANG_WARN_UNGUARDED_AVAILABILITY = YES_AGGRESSIVE;
				CLANG_WARN_UNREACHABLE_CODE = YES;
				CLANG_WARN__DUPLICATE_METHOD_MATCH = YES;
				COPY_PHASE_STRIP = NO;
				DEBUG_INFORMATION_FORMAT = dwarf;
				ENABLE_STRICT_OBJC_MSGSEND = YES;
				ENABLE_TESTABILITY = YES;
				GCC_C_LANGUAGE_STANDARD = gnu11;
				GCC_DYNAMIC_NO_PIC = NO;
				GCC_NO_COMMON_BLOCKS = YES;
				GCC_OPTIMIZATION_LEVEL = 0;
				GCC_PREPROCESSOR_DEFINITIONS = (
					"DEBUG=1",
					"$(inherited)",
				);
				GCC_WARN_64_TO_32_BIT_CONVERSION = YES;
				GCC_WARN_ABOUT_RETURN_TYPE = YES_ERROR;
				GCC_WARN_UNDECLARED_SELECTOR = YES;
				GCC_WARN_UNINITIALIZED_AUTOS = YES_AGGRESSIVE;
				GCC_WARN_UNUSED_FUNCTION = YES;
				GCC_WARN_UNUSED_VARIABLE = YES;
				IPHONEOS_DEPLOYMENT_TARGET = 16.4;
				MTL_ENABLE_DEBUG_INFO = INCLUDE_SOURCE;
				MTL_FAST_MATH = YES;
				ONLY_ACTIVE_ARCH = YES;
				SDKROOT = iphoneos;
				SWIFT_ACTIVE_COMPILATION_CONDITIONS = DEBUG;
				SWIFT_OPTIMIZATION_LEVEL = "-Onone";
			};
			name = Debug;
		};
		1CE0FB2B2A6A8B5100B26932 /* Release */ = {
			isa = XCBuildConfiguration;
			buildSettings = {
				ALWAYS_SEARCH_USER_PATHS = NO;
				CLANG_ANALYZER_NONNULL = YES;
				CLANG_ANALYZER_NUMBER_OBJECT_CONVERSION = YES_AGGRESSIVE;
				CLANG_CXX_LANGUAGE_STANDARD = "gnu++20";
				CLANG_ENABLE_MODULES = YES;
				CLANG_ENABLE_OBJC_ARC = YES;
				CLANG_ENABLE_OBJC_WEAK = YES;
				CLANG_WARN_BLOCK_CAPTURE_AUTORELEASING = YES;
				CLANG_WARN_BOOL_CONVERSION = YES;
				CLANG_WARN_COMMA = YES;
				CLANG_WARN_CONSTANT_CONVERSION = YES;
				CLANG_WARN_DEPRECATED_OBJC_IMPLEMENTATIONS = YES;
				CLANG_WARN_DIRECT_OBJC_ISA_USAGE = YES_ERROR;
				CLANG_WARN_DOCUMENTATION_COMMENTS = YES;
				CLANG_WARN_EMPTY_BODY = YES;
				CLANG_WARN_ENUM_CONVERSION = YES;
				CLANG_WARN_INFINITE_RECURSION = YES;
				CLANG_WARN_INT_CONVERSION = YES;
				CLANG_WARN_NON_LITERAL_NULL_CONVERSION = YES;
				CLANG_WARN_OBJC_IMPLICIT_RETAIN_SELF = YES;
				CLANG_WARN_OBJC_LITERAL_CONVERSION = YES;
				CLANG_WARN_OBJC_ROOT_CLASS = YES_ERROR;
				CLANG_WARN_QUOTED_INCLUDE_IN_FRAMEWORK_HEADER = YES;
				CLANG_WARN_RANGE_LOOP_ANALYSIS = YES;
				CLANG_WARN_STRICT_PROTOTYPES = YES;
				CLANG_WARN_SUSPICIOUS_MOVE = YES;
				CLANG_WARN_UNGUARDED_AVAILABILITY = YES_AGGRESSIVE;
				CLANG_WARN_UNREACHABLE_CODE = YES;
				CLANG_WARN__DUPLICATE_METHOD_MATCH = YES;
				COPY_PHASE_STRIP = NO;
				DEBUG_INFORMATION_FORMAT = "dwarf-with-dsym";
				ENABLE_NS_ASSERTIONS = NO;
				ENABLE_STRICT_OBJC_MSGSEND = YES;
				GCC_C_LANGUAGE_STANDARD = gnu11;
				GCC_NO_COMMON_BLOCKS = YES;
				GCC_WARN_64_TO_32_BIT_CONVERSION = YES;
				GCC_WARN_ABOUT_RETURN_TYPE = YES_ERROR;
				GCC_WARN_UNDECLARED_SELECTOR = YES;
				GCC_WARN_UNINITIALIZED_AUTOS = YES_AGGRESSIVE;
				GCC_WARN_UNUSED_FUNCTION = YES;
				GCC_WARN_UNUSED_VARIABLE = YES;
				IPHONEOS_DEPLOYMENT_TARGET = 16.4;
				MTL_ENABLE_DEBUG_INFO = NO;
				MTL_FAST_MATH = YES;
				SDKROOT = iphoneos;
				SWIFT_COMPILATION_MODE = wholemodule;
				SWIFT_OPTIMIZATION_LEVEL = "-O";
				VALIDATE_PRODUCT = YES;
			};
			name = Release;
		};
		1CE0FB2D2A6A8B5100B26932 /* Debug */ = {
			isa = XCBuildConfiguration;
			buildSettings = {
				ASSETCATALOG_COMPILER_APPICON_NAME = AppIcon;
				ASSETCATALOG_COMPILER_GLOBAL_ACCENT_COLOR_NAME = AccentColor;
				CODE_SIGN_STYLE = Automatic;
				CURRENT_PROJECT_VERSION = 1;
				DEVELOPMENT_ASSET_PATHS = "\"Notflix/Preview Content\"";
				ENABLE_PREVIEWS = YES;
				GENERATE_INFOPLIST_FILE = YES;
				INFOPLIST_KEY_UIApplicationSceneManifest_Generation = YES;
				INFOPLIST_KEY_UIApplicationSupportsIndirectInputEvents = YES;
				INFOPLIST_KEY_UILaunchScreen_Generation = YES;
				INFOPLIST_KEY_UISupportedInterfaceOrientations_iPad = "UIInterfaceOrientationPortrait UIInterfaceOrientationPortraitUpsideDown UIInterfaceOrientationLandscapeLeft UIInterfaceOrientationLandscapeRight";
				INFOPLIST_KEY_UISupportedInterfaceOrientations_iPhone = "UIInterfaceOrientationPortrait UIInterfaceOrientationLandscapeLeft UIInterfaceOrientationLandscapeRight";
				LD_RUNPATH_SEARCH_PATHS = (
					"$(inherited)",
					"@executable_path/Frameworks",
				);
				MARKETING_VERSION = 1.0;
				PRODUCT_BUNDLE_IDENTIFIER = VicKbt.Notflix;
				PRODUCT_NAME = "$(TARGET_NAME)";
				SWIFT_EMIT_LOC_STRINGS = YES;
				SWIFT_VERSION = 5.0;
				TARGETED_DEVICE_FAMILY = "1,2";
			};
			name = Debug;
		};
		1CE0FB2E2A6A8B5100B26932 /* Release */ = {
			isa = XCBuildConfiguration;
			buildSettings = {
				ASSETCATALOG_COMPILER_APPICON_NAME = AppIcon;
				ASSETCATALOG_COMPILER_GLOBAL_ACCENT_COLOR_NAME = AccentColor;
				CODE_SIGN_STYLE = Automatic;
				CURRENT_PROJECT_VERSION = 1;
				DEVELOPMENT_ASSET_PATHS = "\"Notflix/Preview Content\"";
				ENABLE_PREVIEWS = YES;
				GENERATE_INFOPLIST_FILE = YES;
				INFOPLIST_KEY_UIApplicationSceneManifest_Generation = YES;
				INFOPLIST_KEY_UIApplicationSupportsIndirectInputEvents = YES;
				INFOPLIST_KEY_UILaunchScreen_Generation = YES;
				INFOPLIST_KEY_UISupportedInterfaceOrientations_iPad = "UIInterfaceOrientationPortrait UIInterfaceOrientationPortraitUpsideDown UIInterfaceOrientationLandscapeLeft UIInterfaceOrientationLandscapeRight";
				INFOPLIST_KEY_UISupportedInterfaceOrientations_iPhone = "UIInterfaceOrientationPortrait UIInterfaceOrientationLandscapeLeft UIInterfaceOrientationLandscapeRight";
				LD_RUNPATH_SEARCH_PATHS = (
					"$(inherited)",
					"@executable_path/Frameworks",
				);
				MARKETING_VERSION = 1.0;
				PRODUCT_BUNDLE_IDENTIFIER = VicKbt.Notflix;
				PRODUCT_NAME = "$(TARGET_NAME)";
				SWIFT_EMIT_LOC_STRINGS = YES;
				SWIFT_VERSION = 5.0;
				TARGETED_DEVICE_FAMILY = "1,2";
			};
			name = Release;
		};
		1CE0FB302A6A8B5100B26932 /* Debug */ = {
			isa = XCBuildConfiguration;
			buildSettings = {
				ALWAYS_EMBED_SWIFT_STANDARD_LIBRARIES = YES;
				BUNDLE_LOADER = "$(TEST_HOST)";
				CODE_SIGN_STYLE = Automatic;
				CURRENT_PROJECT_VERSION = 1;
				GENERATE_INFOPLIST_FILE = YES;
				IPHONEOS_DEPLOYMENT_TARGET = 16.4;
				MARKETING_VERSION = 1.0;
				PRODUCT_BUNDLE_IDENTIFIER = VicKbt.NotflixTests;
				PRODUCT_NAME = "$(TARGET_NAME)";
				SWIFT_EMIT_LOC_STRINGS = NO;
				SWIFT_VERSION = 5.0;
				TARGETED_DEVICE_FAMILY = "1,2";
				TEST_HOST = "$(BUILT_PRODUCTS_DIR)/Notflix.app/$(BUNDLE_EXECUTABLE_FOLDER_PATH)/Notflix";
			};
			name = Debug;
		};
		1CE0FB312A6A8B5100B26932 /* Release */ = {
			isa = XCBuildConfiguration;
			buildSettings = {
				ALWAYS_EMBED_SWIFT_STANDARD_LIBRARIES = YES;
				BUNDLE_LOADER = "$(TEST_HOST)";
				CODE_SIGN_STYLE = Automatic;
				CURRENT_PROJECT_VERSION = 1;
				GENERATE_INFOPLIST_FILE = YES;
				IPHONEOS_DEPLOYMENT_TARGET = 16.4;
				MARKETING_VERSION = 1.0;
				PRODUCT_BUNDLE_IDENTIFIER = VicKbt.NotflixTests;
				PRODUCT_NAME = "$(TARGET_NAME)";
				SWIFT_EMIT_LOC_STRINGS = NO;
				SWIFT_VERSION = 5.0;
				TARGETED_DEVICE_FAMILY = "1,2";
				TEST_HOST = "$(BUILT_PRODUCTS_DIR)/Notflix.app/$(BUNDLE_EXECUTABLE_FOLDER_PATH)/Notflix";
			};
			name = Release;
		};
		1CE0FB332A6A8B5100B26932 /* Debug */ = {
			isa = XCBuildConfiguration;
			buildSettings = {
				ALWAYS_EMBED_SWIFT_STANDARD_LIBRARIES = YES;
				CODE_SIGN_STYLE = Automatic;
				CURRENT_PROJECT_VERSION = 1;
				GENERATE_INFOPLIST_FILE = YES;
				MARKETING_VERSION = 1.0;
				PRODUCT_BUNDLE_IDENTIFIER = VicKbt.NotflixUITests;
				PRODUCT_NAME = "$(TARGET_NAME)";
				SWIFT_EMIT_LOC_STRINGS = NO;
				SWIFT_VERSION = 5.0;
				TARGETED_DEVICE_FAMILY = "1,2";
				TEST_TARGET_NAME = Notflix;
			};
			name = Debug;
		};
		1CE0FB342A6A8B5100B26932 /* Release */ = {
			isa = XCBuildConfiguration;
			buildSettings = {
				ALWAYS_EMBED_SWIFT_STANDARD_LIBRARIES = YES;
				CODE_SIGN_STYLE = Automatic;
				CURRENT_PROJECT_VERSION = 1;
				GENERATE_INFOPLIST_FILE = YES;
				MARKETING_VERSION = 1.0;
				PRODUCT_BUNDLE_IDENTIFIER = VicKbt.NotflixUITests;
				PRODUCT_NAME = "$(TARGET_NAME)";
				SWIFT_EMIT_LOC_STRINGS = NO;
				SWIFT_VERSION = 5.0;
				TARGETED_DEVICE_FAMILY = "1,2";
				TEST_TARGET_NAME = Notflix;
			};
			name = Release;
		};
/* End XCBuildConfiguration section */

/* Begin XCConfigurationList section */
		1CE0FB032A6A8B4F00B26932 /* Build configuration list for PBXProject "Notflix" */ = {
			isa = XCConfigurationList;
			buildConfigurations = (
				1CE0FB2A2A6A8B5100B26932 /* Debug */,
				1CE0FB2B2A6A8B5100B26932 /* Release */,
			);
			defaultConfigurationIsVisible = 0;
			defaultConfigurationName = Release;
		};
		1CE0FB2C2A6A8B5100B26932 /* Build configuration list for PBXNativeTarget "Notflix" */ = {
			isa = XCConfigurationList;
			buildConfigurations = (
				1CE0FB2D2A6A8B5100B26932 /* Debug */,
				1CE0FB2E2A6A8B5100B26932 /* Release */,
			);
			defaultConfigurationIsVisible = 0;
			defaultConfigurationName = Release;
		};
		1CE0FB2F2A6A8B5100B26932 /* Build configuration list for PBXNativeTarget "NotflixTests" */ = {
			isa = XCConfigurationList;
			buildConfigurations = (
				1CE0FB302A6A8B5100B26932 /* Debug */,
				1CE0FB312A6A8B5100B26932 /* Release */,
			);
			defaultConfigurationIsVisible = 0;
			defaultConfigurationName = Release;
		};
		1CE0FB322A6A8B5100B26932 /* Build configuration list for PBXNativeTarget "NotflixUITests" */ = {
			isa = XCConfigurationList;
			buildConfigurations = (
				1CE0FB332A6A8B5100B26932 /* Debug */,
				1CE0FB342A6A8B5100B26932 /* Release */,
			);
			defaultConfigurationIsVisible = 0;
			defaultConfigurationName = Release;
		};
/* End XCConfigurationList section */
	};
	rootObject = 1CE0FB002A6A8B4F00B26932 /* Project object */;
}
