// !$*UTF8*$!
{
	archiveVersion = 1;
	classes = {
	};
	objectVersion = 56;
	objects = {

/* Begin PBXBuildFile section */
		660AD26B28D31B9200FA14E6 /* NotflixApp.swift in Sources */ = {isa = PBXBuildFile; fileRef = 660AD26A28D31B9200FA14E6 /* NotflixApp.swift */; };
		660AD26D28D31B9200FA14E6 /* ContentView.swift in Sources */ = {isa = PBXBuildFile; fileRef = 660AD26C28D31B9200FA14E6 /* ContentView.swift */; };
		660AD26F28D31B9400FA14E6 /* Assets.xcassets in Resources */ = {isa = PBXBuildFile; fileRef = 660AD26E28D31B9400FA14E6 /* Assets.xcassets */; };
		660AD27228D31B9400FA14E6 /* Preview Assets.xcassets in Resources */ = {isa = PBXBuildFile; fileRef = 660AD27128D31B9400FA14E6 /* Preview Assets.xcassets */; };
		660AD27928D327AA00FA14E6 /* Koin.swift in Sources */ = {isa = PBXBuildFile; fileRef = 660AD27828D327AA00FA14E6 /* Koin.swift */; };
		660AD27C28D32B3F00FA14E6 /* commonMain in Resources */ = {isa = PBXBuildFile; fileRef = 660AD27A28D32B3F00FA14E6 /* commonMain */; };
		660AD27D28D32B3F00FA14E6 /* iosMain in Resources */ = {isa = PBXBuildFile; fileRef = 660AD27B28D32B3F00FA14E6 /* iosMain */; };
		660AD28428D32D0B00FA14E6 /* PreferencesViewModel.swift in Sources */ = {isa = PBXBuildFile; fileRef = 660AD28328D32D0B00FA14E6 /* PreferencesViewModel.swift */; };
		660AD28628D3617200FA14E6 /* PreferenceScreen.swift in Sources */ = {isa = PBXBuildFile; fileRef = 660AD28528D3617200FA14E6 /* PreferenceScreen.swift */; };
		660AD28828D361E200FA14E6 /* PresentationUtilities.swift in Sources */ = {isa = PBXBuildFile; fileRef = 660AD28728D361E200FA14E6 /* PresentationUtilities.swift */; };
		660AD28A28D3627C00FA14E6 /* SupportEmail.swift in Sources */ = {isa = PBXBuildFile; fileRef = 660AD28928D3627C00FA14E6 /* SupportEmail.swift */; };
		660AD28D28D3BE4800FA14E6 /* Launch Screen.storyboard in Resources */ = {isa = PBXBuildFile; fileRef = 660AD28C28D3BE4800FA14E6 /* Launch Screen.storyboard */; };
		915ABE35C29AE907DB899F2C /* Pods_Notflix.framework in Frameworks */ = {isa = PBXBuildFile; fileRef = EFCB7F5A6BF082D376FC2EF6 /* Pods_Notflix.framework */; };
/* End PBXBuildFile section */

/* Begin PBXFileReference section */
		5B8B888FFEF702016448EE46 /* Pods-Notflix.release.xcconfig */ = {isa = PBXFileReference; includeInIndex = 1; lastKnownFileType = text.xcconfig; name = "Pods-Notflix.release.xcconfig"; path = "Target Support Files/Pods-Notflix/Pods-Notflix.release.xcconfig"; sourceTree = "<group>"; };
		660AD26728D31B9200FA14E6 /* Notflix.app */ = {isa = PBXFileReference; explicitFileType = wrapper.application; includeInIndex = 0; path = Notflix.app; sourceTree = BUILT_PRODUCTS_DIR; };
		660AD26A28D31B9200FA14E6 /* NotflixApp.swift */ = {isa = PBXFileReference; lastKnownFileType = sourcecode.swift; path = NotflixApp.swift; sourceTree = "<group>"; };
		660AD26C28D31B9200FA14E6 /* ContentView.swift */ = {isa = PBXFileReference; lastKnownFileType = sourcecode.swift; path = ContentView.swift; sourceTree = "<group>"; };
		660AD26E28D31B9400FA14E6 /* Assets.xcassets */ = {isa = PBXFileReference; lastKnownFileType = folder.assetcatalog; path = Assets.xcassets; sourceTree = "<group>"; };
		660AD27128D31B9400FA14E6 /* Preview Assets.xcassets */ = {isa = PBXFileReference; lastKnownFileType = folder.assetcatalog; path = "Preview Assets.xcassets"; sourceTree = "<group>"; };
		660AD27828D327AA00FA14E6 /* Koin.swift */ = {isa = PBXFileReference; lastKnownFileType = sourcecode.swift; path = Koin.swift; sourceTree = "<group>"; };
		660AD27A28D32B3F00FA14E6 /* commonMain */ = {isa = PBXFileReference; lastKnownFileType = folder; name = commonMain; path = ../../shared/src/commonMain; sourceTree = "<group>"; };
		660AD27B28D32B3F00FA14E6 /* iosMain */ = {isa = PBXFileReference; lastKnownFileType = folder; name = iosMain; path = ../../shared/src/iosMain; sourceTree = "<group>"; };
		660AD28328D32D0B00FA14E6 /* PreferencesViewModel.swift */ = {isa = PBXFileReference; lastKnownFileType = sourcecode.swift; path = PreferencesViewModel.swift; sourceTree = "<group>"; };
		660AD28528D3617200FA14E6 /* PreferenceScreen.swift */ = {isa = PBXFileReference; lastKnownFileType = sourcecode.swift; path = PreferenceScreen.swift; sourceTree = "<group>"; };
		660AD28728D361E200FA14E6 /* PresentationUtilities.swift */ = {isa = PBXFileReference; lastKnownFileType = sourcecode.swift; path = PresentationUtilities.swift; sourceTree = "<group>"; };
		660AD28928D3627C00FA14E6 /* SupportEmail.swift */ = {isa = PBXFileReference; lastKnownFileType = sourcecode.swift; path = SupportEmail.swift; sourceTree = "<group>"; };
		660AD28C28D3BE4800FA14E6 /* Launch Screen.storyboard */ = {isa = PBXFileReference; lastKnownFileType = file.storyboard; path = "Launch Screen.storyboard"; sourceTree = "<group>"; };
		CBDCF34A4633D5528BECDFD5 /* Pods-Notflix.debug.xcconfig */ = {isa = PBXFileReference; includeInIndex = 1; lastKnownFileType = text.xcconfig; name = "Pods-Notflix.debug.xcconfig"; path = "Target Support Files/Pods-Notflix/Pods-Notflix.debug.xcconfig"; sourceTree = "<group>"; };
		EFCB7F5A6BF082D376FC2EF6 /* Pods_Notflix.framework */ = {isa = PBXFileReference; explicitFileType = wrapper.framework; includeInIndex = 0; path = Pods_Notflix.framework; sourceTree = BUILT_PRODUCTS_DIR; };
/* End PBXFileReference section */

/* Begin PBXFrameworksBuildPhase section */
		660AD26428D31B9200FA14E6 /* Frameworks */ = {
			isa = PBXFrameworksBuildPhase;
			buildActionMask = 2147483647;
			files = (
				915ABE35C29AE907DB899F2C /* Pods_Notflix.framework in Frameworks */,
			);
			runOnlyForDeploymentPostprocessing = 0;
		};
/* End PBXFrameworksBuildPhase section */

/* Begin PBXGroup section */
		546766D416E8B4F22EC6982F /* Frameworks */ = {
			isa = PBXGroup;
			children = (
				EFCB7F5A6BF082D376FC2EF6 /* Pods_Notflix.framework */,
			);
			name = Frameworks;
			sourceTree = "<group>";
		};
		660AD25E28D31B9200FA14E6 = {
			isa = PBXGroup;
			children = (
				660AD26928D31B9200FA14E6 /* Notflix */,
				660AD26828D31B9200FA14E6 /* Products */,
				CFC4AE895828B25900F0F470 /* Pods */,
				546766D416E8B4F22EC6982F /* Frameworks */,
			);
			sourceTree = "<group>";
		};
		660AD26828D31B9200FA14E6 /* Products */ = {
			isa = PBXGroup;
			children = (
				660AD26728D31B9200FA14E6 /* Notflix.app */,
			);
			name = Products;
			sourceTree = "<group>";
		};
		660AD26928D31B9200FA14E6 /* Notflix */ = {
			isa = PBXGroup;
			children = (
				660AD27F28D32CC100FA14E6 /* UI */,
				660AD27E28D32CAA00FA14E6 /* Utils */,
				660AD26A28D31B9200FA14E6 /* NotflixApp.swift */,
				660AD26C28D31B9200FA14E6 /* ContentView.swift */,
				660AD26E28D31B9400FA14E6 /* Assets.xcassets */,
				660AD27028D31B9400FA14E6 /* Preview Content */,
				660AD27828D327AA00FA14E6 /* Koin.swift */,
				660AD27A28D32B3F00FA14E6 /* commonMain */,
				660AD27B28D32B3F00FA14E6 /* iosMain */,
			);
			path = Notflix;
			sourceTree = "<group>";
		};
		660AD27028D31B9400FA14E6 /* Preview Content */ = {
			isa = PBXGroup;
			children = (
				660AD27128D31B9400FA14E6 /* Preview Assets.xcassets */,
			);
			path = "Preview Content";
			sourceTree = "<group>";
		};
		660AD27E28D32CAA00FA14E6 /* Utils */ = {
			isa = PBXGroup;
			children = (
				660AD28728D361E200FA14E6 /* PresentationUtilities.swift */,
				660AD28928D3627C00FA14E6 /* SupportEmail.swift */,
			);
			path = Utils;
			sourceTree = "<group>";
		};
		660AD27F28D32CC100FA14E6 /* UI */ = {
			isa = PBXGroup;
			children = (
				660AD28028D32CC900FA14E6 /* Features */,
			);
			path = UI;
			sourceTree = "<group>";
		};
		660AD28028D32CC900FA14E6 /* Features */ = {
			isa = PBXGroup;
			children = (
				660AD28B28D3BE3200FA14E6 /* LaunchScreen */,
				660AD28128D32CD700FA14E6 /* Preferences */,
			);
			path = Features;
			sourceTree = "<group>";
		};
		660AD28128D32CD700FA14E6 /* Preferences */ = {
			isa = PBXGroup;
			children = (
				660AD28328D32D0B00FA14E6 /* PreferencesViewModel.swift */,
				660AD28528D3617200FA14E6 /* PreferenceScreen.swift */,
			);
			path = Preferences;
			sourceTree = "<group>";
		};
		660AD28B28D3BE3200FA14E6 /* LaunchScreen */ = {
			isa = PBXGroup;
			children = (
				660AD28C28D3BE4800FA14E6 /* Launch Screen.storyboard */,
			);
			path = LaunchScreen;
			sourceTree = "<group>";
		};
		CFC4AE895828B25900F0F470 /* Pods */ = {
			isa = PBXGroup;
			children = (
				CBDCF34A4633D5528BECDFD5 /* Pods-Notflix.debug.xcconfig */,
				5B8B888FFEF702016448EE46 /* Pods-Notflix.release.xcconfig */,
			);
			path = Pods;
			sourceTree = "<group>";
		};
/* End PBXGroup section */

/* Begin PBXNativeTarget section */
		660AD26628D31B9200FA14E6 /* Notflix */ = {
			isa = PBXNativeTarget;
			buildConfigurationList = 660AD27528D31B9400FA14E6 /* Build configuration list for PBXNativeTarget "Notflix" */;
			buildPhases = (
				EC4BFE2C66D066D27B2B27FE /* [CP] Check Pods Manifest.lock */,
				660AD26328D31B9200FA14E6 /* Sources */,
				660AD26428D31B9200FA14E6 /* Frameworks */,
				660AD26528D31B9200FA14E6 /* Resources */,
				D871EF9F3F3E660854006A2D /* [CP] Embed Pods Frameworks */,
			);
			buildRules = (
			);
			dependencies = (
			);
			name = Notflix;
			productName = Notflix;
			productReference = 660AD26728D31B9200FA14E6 /* Notflix.app */;
			productType = "com.apple.product-type.application";
		};
/* End PBXNativeTarget section */

/* Begin PBXProject section */
		660AD25F28D31B9200FA14E6 /* Project object */ = {
			isa = PBXProject;
			attributes = {
				BuildIndependentTargetsInParallel = 1;
				LastSwiftUpdateCheck = 1400;
				LastUpgradeCheck = 1400;
				TargetAttributes = {
					660AD26628D31B9200FA14E6 = {
						CreatedOnToolsVersion = 14.0;
					};
				};
			};
			buildConfigurationList = 660AD26228D31B9200FA14E6 /* Build configuration list for PBXProject "Notflix" */;
			compatibilityVersion = "Xcode 14.0";
			developmentRegion = en;
			hasScannedForEncodings = 0;
			knownRegions = (
				en,
				Base,
			);
			mainGroup = 660AD25E28D31B9200FA14E6;
			productRefGroup = 660AD26828D31B9200FA14E6 /* Products */;
			projectDirPath = "";
			projectRoot = "";
			targets = (
				660AD26628D31B9200FA14E6 /* Notflix */,
			);
		};
/* End PBXProject section */

/* Begin PBXResourcesBuildPhase section */
		660AD26528D31B9200FA14E6 /* Resources */ = {
			isa = PBXResourcesBuildPhase;
			buildActionMask = 2147483647;
			files = (
				660AD27228D31B9400FA14E6 /* Preview Assets.xcassets in Resources */,
				660AD26F28D31B9400FA14E6 /* Assets.xcassets in Resources */,
				660AD27C28D32B3F00FA14E6 /* commonMain in Resources */,
				660AD28D28D3BE4800FA14E6 /* Launch Screen.storyboard in Resources */,
				660AD27D28D32B3F00FA14E6 /* iosMain in Resources */,
			);
			runOnlyForDeploymentPostprocessing = 0;
		};
/* End PBXResourcesBuildPhase section */

/* Begin PBXShellScriptBuildPhase section */
		D871EF9F3F3E660854006A2D /* [CP] Embed Pods Frameworks */ = {
			isa = PBXShellScriptBuildPhase;
			buildActionMask = 2147483647;
			files = (
			);
			inputFileListPaths = (
				"${PODS_ROOT}/Target Support Files/Pods-Notflix/Pods-Notflix-frameworks-${CONFIGURATION}-input-files.xcfilelist",
			);
			name = "[CP] Embed Pods Frameworks";
			outputFileListPaths = (
				"${PODS_ROOT}/Target Support Files/Pods-Notflix/Pods-Notflix-frameworks-${CONFIGURATION}-output-files.xcfilelist",
			);
			runOnlyForDeploymentPostprocessing = 0;
			shellPath = /bin/sh;
			shellScript = "\"${PODS_ROOT}/Target Support Files/Pods-Notflix/Pods-Notflix-frameworks.sh\"\n";
			showEnvVarsInLog = 0;
		};
		EC4BFE2C66D066D27B2B27FE /* [CP] Check Pods Manifest.lock */ = {
			isa = PBXShellScriptBuildPhase;
			buildActionMask = 2147483647;
			files = (
			);
			inputFileListPaths = (
			);
			inputPaths = (
				"${PODS_PODFILE_DIR_PATH}/Podfile.lock",
				"${PODS_ROOT}/Manifest.lock",
			);
			name = "[CP] Check Pods Manifest.lock";
			outputFileListPaths = (
			);
			outputPaths = (
				"$(DERIVED_FILE_DIR)/Pods-Notflix-checkManifestLockResult.txt",
			);
			runOnlyForDeploymentPostprocessing = 0;
			shellPath = /bin/sh;
			shellScript = "diff \"${PODS_PODFILE_DIR_PATH}/Podfile.lock\" \"${PODS_ROOT}/Manifest.lock\" > /dev/null\nif [ $? != 0 ] ; then\n    # print error to STDERR\n    echo \"error: The sandbox is not in sync with the Podfile.lock. Run 'pod install' or update your CocoaPods installation.\" >&2\n    exit 1\nfi\n# This output is used by Xcode 'outputs' to avoid re-running this script phase.\necho \"SUCCESS\" > \"${SCRIPT_OUTPUT_FILE_0}\"\n";
			showEnvVarsInLog = 0;
		};
/* End PBXShellScriptBuildPhase section */

/* Begin PBXSourcesBuildPhase section */
		660AD26328D31B9200FA14E6 /* Sources */ = {
			isa = PBXSourcesBuildPhase;
			buildActionMask = 2147483647;
			files = (
				660AD27928D327AA00FA14E6 /* Koin.swift in Sources */,
				660AD26D28D31B9200FA14E6 /* ContentView.swift in Sources */,
				660AD26B28D31B9200FA14E6 /* NotflixApp.swift in Sources */,
				660AD28628D3617200FA14E6 /* PreferenceScreen.swift in Sources */,
				660AD28828D361E200FA14E6 /* PresentationUtilities.swift in Sources */,
				660AD28428D32D0B00FA14E6 /* PreferencesViewModel.swift in Sources */,
				660AD28A28D3627C00FA14E6 /* SupportEmail.swift in Sources */,
			);
			runOnlyForDeploymentPostprocessing = 0;
		};
/* End PBXSourcesBuildPhase section */

/* Begin XCBuildConfiguration section */
		660AD27328D31B9400FA14E6 /* Debug */ = {
			isa = XCBuildConfiguration;
			buildSettings = {
				ALWAYS_SEARCH_USER_PATHS = NO;
				CLANG_ANALYZER_NONNULL = YES;
				CLANG_ANALYZER_NUMBER_OBJECT_CONVERSION = YES_AGGRESSIVE;
				CLANG_CXX_LANGUAGE_STANDARD = "gnu++20";
				CLANG_ENABLE_MODULES = YES;
				CLANG_ENABLE_OBJC_ARC = YES;
				CLANG_ENABLE_OBJC_WEAK = YES;
				CLANG_WARN_BLOCK_CAPTURE_AUTORELEASING = YES;
				CLANG_WARN_BOOL_CONVERSION = YES;
				CLANG_WARN_COMMA = YES;
				CLANG_WARN_CONSTANT_CONVERSION = YES;
				CLANG_WARN_DEPRECATED_OBJC_IMPLEMENTATIONS = YES;
				CLANG_WARN_DIRECT_OBJC_ISA_USAGE = YES_ERROR;
				CLANG_WARN_DOCUMENTATION_COMMENTS = YES;
				CLANG_WARN_EMPTY_BODY = YES;
				CLANG_WARN_ENUM_CONVERSION = YES;
				CLANG_WARN_INFINITE_RECURSION = YES;
				CLANG_WARN_INT_CONVERSION = YES;
				CLANG_WARN_NON_LITERAL_NULL_CONVERSION = YES;
				CLANG_WARN_OBJC_IMPLICIT_RETAIN_SELF = YES;
				CLANG_WARN_OBJC_LITERAL_CONVERSION = YES;
				CLANG_WARN_OBJC_ROOT_CLASS = YES_ERROR;
				CLANG_WARN_QUOTED_INCLUDE_IN_FRAMEWORK_HEADER = YES;
				CLANG_WARN_RANGE_LOOP_ANALYSIS = YES;
				CLANG_WARN_STRICT_PROTOTYPES = YES;
				CLANG_WARN_SUSPICIOUS_MOVE = YES;
				CLANG_WARN_UNGUARDED_AVAILABILITY = YES_AGGRESSIVE;
				CLANG_WARN_UNREACHABLE_CODE = YES;
				CLANG_WARN__DUPLICATE_METHOD_MATCH = YES;
				COPY_PHASE_STRIP = NO;
				DEBUG_INFORMATION_FORMAT = dwarf;
				ENABLE_STRICT_OBJC_MSGSEND = YES;
				ENABLE_TESTABILITY = YES;
				GCC_C_LANGUAGE_STANDARD = gnu11;
				GCC_DYNAMIC_NO_PIC = NO;
				GCC_NO_COMMON_BLOCKS = YES;
				GCC_OPTIMIZATION_LEVEL = 0;
				GCC_PREPROCESSOR_DEFINITIONS = (
					"DEBUG=1",
					"$(inherited)",
				);
				GCC_WARN_64_TO_32_BIT_CONVERSION = YES;
				GCC_WARN_ABOUT_RETURN_TYPE = YES_ERROR;
				GCC_WARN_UNDECLARED_SELECTOR = YES;
				GCC_WARN_UNINITIALIZED_AUTOS = YES_AGGRESSIVE;
				GCC_WARN_UNUSED_FUNCTION = YES;
				GCC_WARN_UNUSED_VARIABLE = YES;
				IPHONEOS_DEPLOYMENT_TARGET = 16.0;
				MTL_ENABLE_DEBUG_INFO = INCLUDE_SOURCE;
				MTL_FAST_MATH = YES;
				ONLY_ACTIVE_ARCH = YES;
				SDKROOT = iphoneos;
				SWIFT_ACTIVE_COMPILATION_CONDITIONS = DEBUG;
				SWIFT_OPTIMIZATION_LEVEL = "-Onone";
			};
			name = Debug;
		};
		660AD27428D31B9400FA14E6 /* Release */ = {
			isa = XCBuildConfiguration;
			buildSettings = {
				ALWAYS_SEARCH_USER_PATHS = NO;
				CLANG_ANALYZER_NONNULL = YES;
				CLANG_ANALYZER_NUMBER_OBJECT_CONVERSION = YES_AGGRESSIVE;
				CLANG_CXX_LANGUAGE_STANDARD = "gnu++20";
				CLANG_ENABLE_MODULES = YES;
				CLANG_ENABLE_OBJC_ARC = YES;
				CLANG_ENABLE_OBJC_WEAK = YES;
				CLANG_WARN_BLOCK_CAPTURE_AUTORELEASING = YES;
				CLANG_WARN_BOOL_CONVERSION = YES;
				CLANG_WARN_COMMA = YES;
				CLANG_WARN_CONSTANT_CONVERSION = YES;
				CLANG_WARN_DEPRECATED_OBJC_IMPLEMENTATIONS = YES;
				CLANG_WARN_DIRECT_OBJC_ISA_USAGE = YES_ERROR;
				CLANG_WARN_DOCUMENTATION_COMMENTS = YES;
				CLANG_WARN_EMPTY_BODY = YES;
				CLANG_WARN_ENUM_CONVERSION = YES;
				CLANG_WARN_INFINITE_RECURSION = YES;
				CLANG_WARN_INT_CONVERSION = YES;
				CLANG_WARN_NON_LITERAL_NULL_CONVERSION = YES;
				CLANG_WARN_OBJC_IMPLICIT_RETAIN_SELF = YES;
				CLANG_WARN_OBJC_LITERAL_CONVERSION = YES;
				CLANG_WARN_OBJC_ROOT_CLASS = YES_ERROR;
				CLANG_WARN_QUOTED_INCLUDE_IN_FRAMEWORK_HEADER = YES;
				CLANG_WARN_RANGE_LOOP_ANALYSIS = YES;
				CLANG_WARN_STRICT_PROTOTYPES = YES;
				CLANG_WARN_SUSPICIOUS_MOVE = YES;
				CLANG_WARN_UNGUARDED_AVAILABILITY = YES_AGGRESSIVE;
				CLANG_WARN_UNREACHABLE_CODE = YES;
				CLANG_WARN__DUPLICATE_METHOD_MATCH = YES;
				COPY_PHASE_STRIP = NO;
				DEBUG_INFORMATION_FORMAT = "dwarf-with-dsym";
				ENABLE_NS_ASSERTIONS = NO;
				ENABLE_STRICT_OBJC_MSGSEND = YES;
				GCC_C_LANGUAGE_STANDARD = gnu11;
				GCC_NO_COMMON_BLOCKS = YES;
				GCC_WARN_64_TO_32_BIT_CONVERSION = YES;
				GCC_WARN_ABOUT_RETURN_TYPE = YES_ERROR;
				GCC_WARN_UNDECLARED_SELECTOR = YES;
				GCC_WARN_UNINITIALIZED_AUTOS = YES_AGGRESSIVE;
				GCC_WARN_UNUSED_FUNCTION = YES;
				GCC_WARN_UNUSED_VARIABLE = YES;
				IPHONEOS_DEPLOYMENT_TARGET = 16.0;
				MTL_ENABLE_DEBUG_INFO = NO;
				MTL_FAST_MATH = YES;
				SDKROOT = iphoneos;
				SWIFT_COMPILATION_MODE = wholemodule;
				SWIFT_OPTIMIZATION_LEVEL = "-O";
				VALIDATE_PRODUCT = YES;
			};
			name = Release;
		};
		660AD27628D31B9400FA14E6 /* Debug */ = {
			isa = XCBuildConfiguration;
			baseConfigurationReference = CBDCF34A4633D5528BECDFD5 /* Pods-Notflix.debug.xcconfig */;
			buildSettings = {
				ASSETCATALOG_COMPILER_APPICON_NAME = AppIcon;
				ASSETCATALOG_COMPILER_GLOBAL_ACCENT_COLOR_NAME = AccentColor;
				CODE_SIGN_STYLE = Automatic;
				CURRENT_PROJECT_VERSION = 1;
				DEVELOPMENT_ASSET_PATHS = "\"Notflix/Preview Content\"";
				DEVELOPMENT_TEAM = 874AZT649B;
				ENABLE_PREVIEWS = YES;
				GENERATE_INFOPLIST_FILE = YES;
				INFOPLIST_KEY_UIApplicationSceneManifest_Generation = YES;
				INFOPLIST_KEY_UIApplicationSupportsIndirectInputEvents = YES;
				INFOPLIST_KEY_UILaunchScreen_Generation = YES;
				INFOPLIST_KEY_UILaunchStoryboardName = "Launch Screen.storyboard";
				INFOPLIST_KEY_UISupportedInterfaceOrientations_iPad = "UIInterfaceOrientationPortrait UIInterfaceOrientationPortraitUpsideDown UIInterfaceOrientationLandscapeLeft UIInterfaceOrientationLandscapeRight";
				INFOPLIST_KEY_UISupportedInterfaceOrientations_iPhone = "UIInterfaceOrientationPortrait UIInterfaceOrientationLandscapeLeft UIInterfaceOrientationLandscapeRight";
				LD_RUNPATH_SEARCH_PATHS = (
					"$(inherited)",
					"@executable_path/Frameworks",
				);
				MARKETING_VERSION = 1.0;
				PRODUCT_BUNDLE_IDENTIFIER = com.vickikbt.Notflix;
				PRODUCT_NAME = "$(TARGET_NAME)";
				SWIFT_EMIT_LOC_STRINGS = YES;
				SWIFT_VERSION = 5.0;
				TARGETED_DEVICE_FAMILY = "1,2";
			};
			name = Debug;
		};
		660AD27728D31B9400FA14E6 /* Release */ = {
			isa = XCBuildConfiguration;
			baseConfigurationReference = 5B8B888FFEF702016448EE46 /* Pods-Notflix.release.xcconfig */;
			buildSettings = {
				ASSETCATALOG_COMPILER_APPICON_NAME = AppIcon;
				ASSETCATALOG_COMPILER_GLOBAL_ACCENT_COLOR_NAME = AccentColor;
				CODE_SIGN_STYLE = Automatic;
				CURRENT_PROJECT_VERSION = 1;
				DEVELOPMENT_ASSET_PATHS = "\"Notflix/Preview Content\"";
				DEVELOPMENT_TEAM = 874AZT649B;
				ENABLE_PREVIEWS = YES;
				GENERATE_INFOPLIST_FILE = YES;
				INFOPLIST_KEY_UIApplicationSceneManifest_Generation = YES;
				INFOPLIST_KEY_UIApplicationSupportsIndirectInputEvents = YES;
				INFOPLIST_KEY_UILaunchScreen_Generation = YES;
				INFOPLIST_KEY_UILaunchStoryboardName = "Launch Screen.storyboard";
				INFOPLIST_KEY_UISupportedInterfaceOrientations_iPad = "UIInterfaceOrientationPortrait UIInterfaceOrientationPortraitUpsideDown UIInterfaceOrientationLandscapeLeft UIInterfaceOrientationLandscapeRight";
				INFOPLIST_KEY_UISupportedInterfaceOrientations_iPhone = "UIInterfaceOrientationPortrait UIInterfaceOrientationLandscapeLeft UIInterfaceOrientationLandscapeRight";
				LD_RUNPATH_SEARCH_PATHS = (
					"$(inherited)",
					"@executable_path/Frameworks",
				);
				MARKETING_VERSION = 1.0;
				PRODUCT_BUNDLE_IDENTIFIER = com.vickikbt.Notflix;
				PRODUCT_NAME = "$(TARGET_NAME)";
				SWIFT_EMIT_LOC_STRINGS = YES;
				SWIFT_VERSION = 5.0;
				TARGETED_DEVICE_FAMILY = "1,2";
			};
			name = Release;
		};
/* End XCBuildConfiguration section */

/* Begin XCConfigurationList section */
		660AD26228D31B9200FA14E6 /* Build configuration list for PBXProject "Notflix" */ = {
			isa = XCConfigurationList;
			buildConfigurations = (
				660AD27328D31B9400FA14E6 /* Debug */,
				660AD27428D31B9400FA14E6 /* Release */,
			);
			defaultConfigurationIsVisible = 0;
			defaultConfigurationName = Release;
		};
		660AD27528D31B9400FA14E6 /* Build configuration list for PBXNativeTarget "Notflix" */ = {
			isa = XCConfigurationList;
			buildConfigurations = (
				660AD27628D31B9400FA14E6 /* Debug */,
				660AD27728D31B9400FA14E6 /* Release */,
			);
			defaultConfigurationIsVisible = 0;
			defaultConfigurationName = Release;
		};
/* End XCConfigurationList section */
	};
	rootObject = 660AD25F28D31B9200FA14E6 /* Project object */;
}
